Microsoft Visual Studio Solution File, Format Version 11.00
# Visual Studio 2008

Project("{4E91FE5C-9D56-EF3B-6707-B93DFC45CAEA}") = "Rusty Burst", "Assembly-CSharp.csproj", "{763EA3A6-75A5-C13E-46AE-FC46D3083263}"
EndProject
Global
	GlobalSection(SolutionConfigurationPlatforms) = preSolution
		Debug|Any CPU = Debug|Any CPU
		Release|Any CPU = Release|Any CPU
	EndGlobalSection
	GlobalSection(ProjectConfigurationPlatforms) = postSolution
		{763EA3A6-75A5-C13E-46AE-FC46D3083263}.Debug|Any CPU.ActiveCfg = Debug|Any CPU
		{763EA3A6-75A5-C13E-46AE-FC46D3083263}.Debug|Any CPU.Build.0 = Debug|Any CPU
		{763EA3A6-75A5-C13E-46AE-FC46D3083263}.Release|Any CPU.ActiveCfg = Release|Any CPU
		{763EA3A6-75A5-C13E-46AE-FC46D3083263}.Release|Any CPU.Build.0 = Release|Any CPU
	EndGlobalSection
	GlobalSection(SolutionProperties) = preSolution
		HideSolutionNode = FALSE
	EndGlobalSection
	GlobalSection(MonoDevelopProperties) = preSolution
		StartupItem = Assembly-CSharp.csproj
	EndGlobalSection
EndGlobal
