
Microsoft Visual Studio Solution File, Format Version 12.00
# Visual Studio 2015
Project("{FAE04EC0-301F-11D3-BF4B-00C04F79EFBC}") = "Strawberry-Firecracker.CSharp", "Strawberry-Firecracker.CSharp.csproj", "{46319CAD-A90F-2260-A1DC-20EAE538D3A6}"
EndProject
Project("{FAE04EC0-301F-11D3-BF4B-00C04F79EFBC}") = "Strawberry-Firecracker.CSharp.Editor", "Strawberry-Firecracker.CSharp.Editor.csproj", "{DD896D78-A437-72C9-161F-D86BDD34D566}"
EndProject
Global
	GlobalSection(SolutionConfigurationPlatforms) = preSolution
		Debug|Any CPU = Debug|Any CPU
		Release|Any CPU = Release|Any CPU
	EndGlobalSection
	GlobalSection(ProjectConfigurationPlatforms) = postSolution
		{46319CAD-A90F-2260-A1DC-20EAE538D3A6}.Debug|Any CPU.ActiveCfg = Debug|Any CPU
		{46319CAD-A90F-2260-A1DC-20EAE538D3A6}.Debug|Any CPU.Build.0 = Debug|Any CPU
		{46319CAD-A90F-2260-A1DC-20EAE538D3A6}.Release|Any CPU.ActiveCfg = Release|Any CPU
		{46319CAD-A90F-2260-A1DC-20EAE538D3A6}.Release|Any CPU.Build.0 = Release|Any CPU
		{DD896D78-A437-72C9-161F-D86BDD34D566}.Debug|Any CPU.ActiveCfg = Debug|Any CPU
		{DD896D78-A437-72C9-161F-D86BDD34D566}.Debug|Any CPU.Build.0 = Debug|Any CPU
		{DD896D78-A437-72C9-161F-D86BDD34D566}.Release|Any CPU.ActiveCfg = Release|Any CPU
		{DD896D78-A437-72C9-161F-D86BDD34D566}.Release|Any CPU.Build.0 = Release|Any CPU
	EndGlobalSection
	GlobalSection(SolutionProperties) = preSolution
		HideSolutionNode = FALSE
	EndGlobalSection
EndGlobal
